
Microsoft Visual Studio Solution File, Format Version 12.00
# Visual Studio Version 17
VisualStudioVersion = 17.4.33110.190
MinimumVisualStudioVersion = 10.0.40219.1
Project("{8BC9CEB8-8B4A-11D0-8D11-00A0C91BC942}") = "seal", "seal\seal.vcxproj", "{05EF4E34-ECE1-4718-A66D-3B37B3005473}"
EndProject
Global
	GlobalSection(SolutionConfigurationPlatforms) = preSolution
		Debug|x64 = Debug|x64
		Release|x64 = Release|x64
	EndGlobalSection
	GlobalSection(ProjectConfigurationPlatforms) = postSolution
		{05EF4E34-ECE1-4718-A66D-3B37B3005473}.Debug|x64.ActiveCfg = Debug|x64
		{05EF4E34-ECE1-4718-A66D-3B37B3005473}.Debug|x64.Build.0 = Debug|x64
		{05EF4E34-ECE1-4718-A66D-3B37B3005473}.Release|x64.ActiveCfg = Release|x64
		{05EF4E34-ECE1-4718-A66D-3B37B3005473}.Release|x64.Build.0 = Release|x64
	EndGlobalSection
	GlobalSection(SolutionProperties) = preSolution
		HideSolutionNode = FALSE
	EndGlobalSection
	GlobalSection(ExtensibilityGlobals) = postSolution
		SolutionGuid = {A2054783-CA83-476D-ABC3-AD627771AC51}
	EndGlobalSection
EndGlobal
